
Microsoft Visual Studio Solution File, Format Version 12.00
# Visual Studio 15
VisualStudioVersion = 15.0.28307.902
MinimumVisualStudioVersion = 10.0.40219.1
Project("{FAE04EC0-301F-11D3-BF4B-00C04F79EFBC}") = "GetNewBookList_API", "GetNewBookList_API\GetNewBookList_API.csproj", "{A5017BC7-31E4-4139-90E4-F816C4637514}"
EndProject
Global
	GlobalSection(SolutionConfigurationPlatforms) = preSolution
		Debug|Any CPU = Debug|Any CPU
		Release|Any CPU = Release|Any CPU
	EndGlobalSection
	GlobalSection(ProjectConfigurationPlatforms) = postSolution
		{A5017BC7-31E4-4139-90E4-F816C4637514}.Debug|Any CPU.ActiveCfg = Debug|Any CPU
		{A5017BC7-31E4-4139-90E4-F816C4637514}.Debug|Any CPU.Build.0 = Debug|Any CPU
		{A5017BC7-31E4-4139-90E4-F816C4637514}.Release|Any CPU.ActiveCfg = Release|Any CPU
		{A5017BC7-31E4-4139-90E4-F816C4637514}.Release|Any CPU.Build.0 = Release|Any CPU
	EndGlobalSection
	GlobalSection(SolutionProperties) = preSolution
		HideSolutionNode = FALSE
	EndGlobalSection
	GlobalSection(ExtensibilityGlobals) = postSolution
		SolutionGuid = {02E871ED-CDF3-447C-B054-9BEE06C64338}
	EndGlobalSection
EndGlobal
